
Microsoft Visual Studio Solution File, Format Version 12.00
# Visual Studio 14
VisualStudioVersion = 14.0.25420.1
MinimumVisualStudioVersion = 10.0.40219.1
Project("{2150E333-8FDC-42A3-9474-1A3956D46DE8}") = "Solution Items", "Solution Items", "{6FEC5F70-7B3C-47A0-9BA9-66B6AE7B0BEF}"
	ProjectSection(SolutionItems) = preProject
		.gitignore = .gitignore
		AdalWrapper.sln.DotSettings = AdalWrapper.sln.DotSettings
		apply-version.ps1 = apply-version.ps1
		appveyor.yml = appveyor.yml
		build-nuget-package.ps1 = build-nuget-package.ps1
		build-solution.ps1 = build-solution.ps1
		build.bat = build.bat
		global.json = global.json
		LICENSE = LICENSE
		README.md = README.md
		run-tests.ps1 = run-tests.ps1
		Settings.StyleCop = Settings.StyleCop
	EndProjectSection
EndProject
Project("{2150E333-8FDC-42A3-9474-1A3956D46DE8}") = "src", "src", "{2EAECD7E-FD53-4BE8-974E-6A9E6C3FDC25}"
EndProject
Project("{2150E333-8FDC-42A3-9474-1A3956D46DE8}") = "test", "test", "{9035F580-E911-49E2-9BFF-364A808D9EE5}"
EndProject
Project("{8BB2217D-0F2D-49D1-97BC-3654ED321F3B}") = "AdalWrapper", "src\AdalWrapper\AdalWrapper.xproj", "{A0EDBAB6-C202-41A8-964B-A9AEC42B9A29}"
EndProject
Project("{8BB2217D-0F2D-49D1-97BC-3654ED321F3B}") = "AdalWrapper.Tests", "test\AdalWrapper.Tests\AdalWrapper.Tests.xproj", "{193B4EBE-50D2-44A2-827D-31FFDAD24770}"
EndProject
Global
	GlobalSection(SolutionConfigurationPlatforms) = preSolution
		Debug|Any CPU = Debug|Any CPU
		Release|Any CPU = Release|Any CPU
	EndGlobalSection
	GlobalSection(ProjectConfigurationPlatforms) = postSolution
		{A0EDBAB6-C202-41A8-964B-A9AEC42B9A29}.Debug|Any CPU.ActiveCfg = Debug|Any CPU
		{A0EDBAB6-C202-41A8-964B-A9AEC42B9A29}.Debug|Any CPU.Build.0 = Debug|Any CPU
		{A0EDBAB6-C202-41A8-964B-A9AEC42B9A29}.Release|Any CPU.ActiveCfg = Release|Any CPU
		{A0EDBAB6-C202-41A8-964B-A9AEC42B9A29}.Release|Any CPU.Build.0 = Release|Any CPU
		{193B4EBE-50D2-44A2-827D-31FFDAD24770}.Debug|Any CPU.ActiveCfg = Debug|Any CPU
		{193B4EBE-50D2-44A2-827D-31FFDAD24770}.Debug|Any CPU.Build.0 = Debug|Any CPU
		{193B4EBE-50D2-44A2-827D-31FFDAD24770}.Release|Any CPU.ActiveCfg = Release|Any CPU
		{193B4EBE-50D2-44A2-827D-31FFDAD24770}.Release|Any CPU.Build.0 = Release|Any CPU
	EndGlobalSection
	GlobalSection(SolutionProperties) = preSolution
		HideSolutionNode = FALSE
	EndGlobalSection
	GlobalSection(NestedProjects) = preSolution
		{A0EDBAB6-C202-41A8-964B-A9AEC42B9A29} = {2EAECD7E-FD53-4BE8-974E-6A9E6C3FDC25}
		{193B4EBE-50D2-44A2-827D-31FFDAD24770} = {9035F580-E911-49E2-9BFF-364A808D9EE5}
	EndGlobalSection
EndGlobal
